
Microsoft Visual Studio Solution File, Format Version 12.00
# Visual Studio 2013
VisualStudioVersion = 12.0.40629.0
MinimumVisualStudioVersion = 10.0.40219.1
Project("{E24C65DC-7377-472B-9ABA-BC803B73C61A}") = "CMWithDatabase_06-12-2016", "http://localhost:50200", "{C4C9431C-4029-4C09-A435-2E47B31386F2}"
	ProjectSection(WebsiteProperties) = preProject
		UseIISExpress = "true"
		TargetFrameworkMoniker = ".NETFramework,Version%3Dv3.5"
		Debug.AspNetCompiler.VirtualPath = "/localhost_50200"
		Debug.AspNetCompiler.PhysicalPath = "D:\BRIJESH\templates currently working\CMWithDatabase_06-12-2016\"
		Debug.AspNetCompiler.TargetPath = "PrecompiledWeb\localhost_50200\"
		Debug.AspNetCompiler.Updateable = "true"
		Debug.AspNetCompiler.ForceOverwrite = "true"
		Debug.AspNetCompiler.FixedNames = "false"
		Debug.AspNetCompiler.Debug = "True"
		Release.AspNetCompiler.VirtualPath = "/localhost_50200"
		Release.AspNetCompiler.PhysicalPath = "D:\BRIJESH\templates currently working\CMWithDatabase_06-12-2016\"
		Release.AspNetCompiler.TargetPath = "PrecompiledWeb\localhost_50200\"
		Release.AspNetCompiler.Updateable = "true"
		Release.AspNetCompiler.ForceOverwrite = "true"
		Release.AspNetCompiler.FixedNames = "false"
		Release.AspNetCompiler.Debug = "False"
		SlnRelativePath = "D:\BRIJESH\templates currently working\CMWithDatabase_06-12-2016\"
	EndProjectSection
EndProject
Global
	GlobalSection(SolutionConfigurationPlatforms) = preSolution
		Debug|Any CPU = Debug|Any CPU
	EndGlobalSection
	GlobalSection(ProjectConfigurationPlatforms) = postSolution
		{C4C9431C-4029-4C09-A435-2E47B31386F2}.Debug|Any CPU.ActiveCfg = Debug|Any CPU
		{C4C9431C-4029-4C09-A435-2E47B31386F2}.Debug|Any CPU.Build.0 = Debug|Any CPU
	EndGlobalSection
	GlobalSection(SolutionProperties) = preSolution
		HideSolutionNode = FALSE
	EndGlobalSection
EndGlobal
